
Microsoft Visual Studio Solution File, Format Version 12.00
# Visual Studio Version 17
VisualStudioVersion = 17.7.34031.279
MinimumVisualStudioVersion = 10.0.40219.1
Project("{FAE04EC0-301F-11D3-BF4B-00C04F79EFBC}") = "MauiAppEjercicio1_2", "MauiAppEjercicio1_2.csproj", "{F315DF61-8E6F-49E1-A3D4-16D1A4C6E26C}"
EndProject
Global
	GlobalSection(SolutionConfigurationPlatforms) = preSolution
		Debug|Any CPU = Debug|Any CPU
		Release|Any CPU = Release|Any CPU
	EndGlobalSection
	GlobalSection(ProjectConfigurationPlatforms) = postSolution
		{F315DF61-8E6F-49E1-A3D4-16D1A4C6E26C}.Debug|Any CPU.ActiveCfg = Debug|Any CPU
		{F315DF61-8E6F-49E1-A3D4-16D1A4C6E26C}.Debug|Any CPU.Build.0 = Debug|Any CPU
		{F315DF61-8E6F-49E1-A3D4-16D1A4C6E26C}.Debug|Any CPU.Deploy.0 = Debug|Any CPU
		{F315DF61-8E6F-49E1-A3D4-16D1A4C6E26C}.Release|Any CPU.ActiveCfg = Release|Any CPU
		{F315DF61-8E6F-49E1-A3D4-16D1A4C6E26C}.Release|Any CPU.Build.0 = Release|Any CPU
		{F315DF61-8E6F-49E1-A3D4-16D1A4C6E26C}.Release|Any CPU.Deploy.0 = Release|Any CPU
	EndGlobalSection
	GlobalSection(SolutionProperties) = preSolution
		HideSolutionNode = FALSE
	EndGlobalSection
	GlobalSection(ExtensibilityGlobals) = postSolution
		SolutionGuid = {D1CD6142-5A11-49E0-89EE-FD8C668B237D}
	EndGlobalSection
EndGlobal
